
Microsoft Visual Studio Solution File, Format Version 12.00
# Visual Studio 15
Project("{FAE04EC0-301F-11D3-BF4B-00C04F79EFBC}") = "Oculus.Interaction.Editor", "Oculus.Interaction.Editor.csproj", "{F34799BC-75C6-C3D2-B5B0-44F4118377A1}"
EndProject
Project("{FAE04EC0-301F-11D3-BF4B-00C04F79EFBC}") = "Meta.WitAi.Conduit", "Meta.WitAi.Conduit.csproj", "{B7A5B103-14C4-13B2-ABE4-677041302C61}"
EndProject
Project("{FAE04EC0-301F-11D3-BF4B-00C04F79EFBC}") = "Oculus.VR", "Oculus.VR.csproj", "{726945EE-CEF8-146D-DD69-9F880F4C2522}"
EndProject
Project("{FAE04EC0-301F-11D3-BF4B-00C04F79EFBC}") = "Oculus.Interaction", "Oculus.Interaction.csproj", "{94E2F1AE-8DE6-D4AE-FBB9-C034C8848553}"
EndProject
Project("{FAE04EC0-301F-11D3-BF4B-00C04F79EFBC}") = "Meta.Voice.Samples.ShapesConduit", "Meta.Voice.Samples.ShapesConduit.csproj", "{D55F3F30-D087-C3A8-52F3-2CC90A6B9B16}"
EndProject
Project("{FAE04EC0-301F-11D3-BF4B-00C04F79EFBC}") = "Meta.WitAi.Editor", "Meta.WitAi.Editor.csproj", "{DC828D6D-E1A5-0B73-2A98-3A3428A82C8D}"
EndProject
Project("{FAE04EC0-301F-11D3-BF4B-00C04F79EFBC}") = "Oculus.Platform", "Oculus.Platform.csproj", "{8F978E36-4560-5806-79A3-71907AC68156}"
EndProject
Project("{FAE04EC0-301F-11D3-BF4B-00C04F79EFBC}") = "VoiceSDK.Telemetry", "VoiceSDK.Telemetry.csproj", "{0FD2080D-26BD-816A-6E88-BD27D58BA594}"
EndProject
Project("{FAE04EC0-301F-11D3-BF4B-00C04F79EFBC}") = "Assembly-CSharp", "Assembly-CSharp.csproj", "{AD6D97C9-D792-415F-F563-1FA909D8B49A}"
EndProject
Project("{FAE04EC0-301F-11D3-BF4B-00C04F79EFBC}") = "Meta.WitAi.Conduit.Editor", "Meta.WitAi.Conduit.Editor.csproj", "{A59C9BAD-D373-0730-30E0-E5F0302D3BE0}"
EndProject
Project("{FAE04EC0-301F-11D3-BF4B-00C04F79EFBC}") = "Meta.WitAi", "Meta.WitAi.csproj", "{F91D75B5-F6A4-4750-4BA3-5C52AE7A3480}"
EndProject
Project("{FAE04EC0-301F-11D3-BF4B-00C04F79EFBC}") = "Oculus.Interaction.OVR.Samples", "Oculus.Interaction.OVR.Samples.csproj", "{5F549D8B-D062-1279-44FF-21891BDAB9A1}"
EndProject
Project("{FAE04EC0-301F-11D3-BF4B-00C04F79EFBC}") = "Assembly-CSharp-Editor", "Assembly-CSharp-Editor.csproj", "{63C8F8E8-443A-07FE-45D0-20C1F4135755}"
EndProject
Project("{FAE04EC0-301F-11D3-BF4B-00C04F79EFBC}") = "Meta.WitAi.Lib", "Meta.WitAi.Lib.csproj", "{6788D0C9-E1C2-B392-7E60-00AA825BFDE4}"
EndProject
Project("{FAE04EC0-301F-11D3-BF4B-00C04F79EFBC}") = "Oculus.VR.Editor", "Oculus.VR.Editor.csproj", "{C8A9F8C7-89F9-4780-CB4D-F001C40833A8}"
EndProject
Project("{FAE04EC0-301F-11D3-BF4B-00C04F79EFBC}") = "Meta.Voice.Hub.Runtime", "Meta.Voice.Hub.Runtime.csproj", "{0F56A480-9636-C356-8FDB-60ECC0FBC59B}"
EndProject
Project("{FAE04EC0-301F-11D3-BF4B-00C04F79EFBC}") = "Oculus.Interaction.OVR.Editor", "Oculus.Interaction.OVR.Editor.csproj", "{6CFC4D35-A3EA-E70B-E801-9810718E2C86}"
EndProject
Project("{FAE04EC0-301F-11D3-BF4B-00C04F79EFBC}") = "VoiceSDK.Dictation.Runtime", "VoiceSDK.Dictation.Runtime.csproj", "{06FC6358-94AB-79D6-FEC7-9453D82270A3}"
EndProject
Project("{FAE04EC0-301F-11D3-BF4B-00C04F79EFBC}") = "Oculus.LipSync", "Oculus.LipSync.csproj", "{60B47162-CA2E-FA8D-B3AE-C95B0A8D2559}"
EndProject
Project("{FAE04EC0-301F-11D3-BF4B-00C04F79EFBC}") = "Oculus.Interaction.OVR", "Oculus.Interaction.OVR.csproj", "{887FF649-E2BA-2D48-BB93-6E4BD935A11F}"
EndProject
Project("{FAE04EC0-301F-11D3-BF4B-00C04F79EFBC}") = "Meta.Voice.Hub.Editor", "Meta.Voice.Hub.Editor.csproj", "{C13D46CA-3226-0CB9-9421-DDEF827D1512}"
EndProject
Project("{FAE04EC0-301F-11D3-BF4B-00C04F79EFBC}") = "VoiceSDK.Editor", "VoiceSDK.Editor.csproj", "{F700743D-C745-E82E-5EA0-F6AF188CED1D}"
EndProject
Project("{FAE04EC0-301F-11D3-BF4B-00C04F79EFBC}") = "Meta.WitAI.Lib.Editor", "Meta.WitAI.Lib.Editor.csproj", "{8EB3CFF6-8E66-E25E-0681-90D3E39FE1F3}"
EndProject
Project("{FAE04EC0-301F-11D3-BF4B-00C04F79EFBC}") = "Oculus.Spatializer.Editor", "Oculus.Spatializer.Editor.csproj", "{13FDED75-1008-8F6C-94D8-980B3A95592C}"
EndProject
Project("{FAE04EC0-301F-11D3-BF4B-00C04F79EFBC}") = "AssistantCoreSDKRuntime", "AssistantCoreSDKRuntime.csproj", "{F5B8DD64-2929-A883-5A5D-A65C56CEF59D}"
EndProject
Project("{FAE04EC0-301F-11D3-BF4B-00C04F79EFBC}") = "Oculus.AudioManager", "Oculus.AudioManager.csproj", "{46168DE8-445A-D55E-F87A-254EFC33A75A}"
EndProject
Project("{FAE04EC0-301F-11D3-BF4B-00C04F79EFBC}") = "VoiceSDK.Runtime", "VoiceSDK.Runtime.csproj", "{DF0C10E1-A417-5C7A-1E15-726FCDD52D5D}"
EndProject
Project("{FAE04EC0-301F-11D3-BF4B-00C04F79EFBC}") = "Facebook.Wit.Dictation", "Facebook.Wit.Dictation.csproj", "{B944C777-BB46-68E7-8813-5B3D88FCCBC5}"
EndProject
Project("{FAE04EC0-301F-11D3-BF4B-00C04F79EFBC}") = "Meta.Voice.Samples.BuiltInTimer", "Meta.Voice.Samples.BuiltInTimer.csproj", "{3FB40369-8E3F-5B9F-8D21-4C5821BC2585}"
EndProject
Project("{FAE04EC0-301F-11D3-BF4B-00C04F79EFBC}") = "Oculus.Platform.Editor", "Oculus.Platform.Editor.csproj", "{27E349C7-0520-0451-60B1-9084CBE1D661}"
EndProject
Project("{FAE04EC0-301F-11D3-BF4B-00C04F79EFBC}") = "Meta.XR.BuildingBlocks.Editor", "Meta.XR.BuildingBlocks.Editor.csproj", "{6565FFC6-17A7-FBAC-9B04-5FF3584CA5F1}"
EndProject
Project("{FAE04EC0-301F-11D3-BF4B-00C04F79EFBC}") = "Meta.Voice.Samples.TTSVoices", "Meta.Voice.Samples.TTSVoices.csproj", "{ECC1E612-6C40-4C12-718A-738C59100840}"
EndProject
Project("{FAE04EC0-301F-11D3-BF4B-00C04F79EFBC}") = "Meta.Voice.VSDKHub.Editor", "Meta.Voice.VSDKHub.Editor.csproj", "{F10C2B55-647E-749C-4680-29B3A37E02E7}"
EndProject
Project("{FAE04EC0-301F-11D3-BF4B-00C04F79EFBC}") = "Meta.WitAi.TTS", "Meta.WitAi.TTS.csproj", "{11AE129E-D7D1-16B8-574D-90D9B6321E2E}"
EndProject
Project("{FAE04EC0-301F-11D3-BF4B-00C04F79EFBC}") = "Oculus.AudioManager.Audio.Editor", "Oculus.AudioManager.Audio.Editor.csproj", "{052DA05C-BB0B-17D0-318A-7979C5F413F9}"
EndProject
Project("{FAE04EC0-301F-11D3-BF4B-00C04F79EFBC}") = "Meta.Voice.Samples.Chess", "Meta.Voice.Samples.Chess.csproj", "{6225256C-44A8-9D2F-9ABC-BAF77D647133}"
EndProject
Project("{FAE04EC0-301F-11D3-BF4B-00C04F79EFBC}") = "Oculus.VR.Scripts.Editor", "Oculus.VR.Scripts.Editor.csproj", "{23846F79-7200-3C19-1AF2-D19FE1B514E4}"
EndProject
Project("{FAE04EC0-301F-11D3-BF4B-00C04F79EFBC}") = "Meta.Voice.Samples.LightTraits", "Meta.Voice.Samples.LightTraits.csproj", "{4B16351D-53DF-B052-456A-18EB37BC1294}"
EndProject
Project("{FAE04EC0-301F-11D3-BF4B-00C04F79EFBC}") = "Meta.Voice.Samples.Dictation", "Meta.Voice.Samples.Dictation.csproj", "{A4215735-54B6-A84D-7382-B61D1D8EC011}"
EndProject
Project("{FAE04EC0-301F-11D3-BF4B-00C04F79EFBC}") = "Meta.Voice.Samples.Shapes", "Meta.Voice.Samples.Shapes.csproj", "{87690D8E-0013-0F05-274D-8AE12429A8A5}"
EndProject
Project("{FAE04EC0-301F-11D3-BF4B-00C04F79EFBC}") = "Oculus.Interaction.Samples.Editor", "Oculus.Interaction.Samples.Editor.csproj", "{73D5ACEB-3763-2018-088F-B18A16403C0A}"
EndProject
Project("{FAE04EC0-301F-11D3-BF4B-00C04F79EFBC}") = "Meta.WitAi.TTS.Editor", "Meta.WitAi.TTS.Editor.csproj", "{6E6522BB-22AD-2D34-51AD-9636E88B51BA}"
EndProject
Project("{FAE04EC0-301F-11D3-BF4B-00C04F79EFBC}") = "Meta.XR.BuildingBlocks", "Meta.XR.BuildingBlocks.csproj", "{5CC26679-457E-6DE5-2CC9-52F6B05CEEE5}"
EndProject
Project("{FAE04EC0-301F-11D3-BF4B-00C04F79EFBC}") = "Oculus.Spatializer", "Oculus.Spatializer.csproj", "{C5B3DD34-7ED6-C17B-367E-1F222C42A669}"
EndProject
Project("{FAE04EC0-301F-11D3-BF4B-00C04F79EFBC}") = "Oculus.LipSync.Editor", "Oculus.LipSync.Editor.csproj", "{E732C86B-FB89-2DBF-1798-4E18C669688C}"
EndProject
Project("{FAE04EC0-301F-11D3-BF4B-00C04F79EFBC}") = "Oculus.AudioManager.Utils.Editor", "Oculus.AudioManager.Utils.Editor.csproj", "{C58BCE15-2A65-F324-34A6-7E32EC49522A}"
EndProject
Project("{FAE04EC0-301F-11D3-BF4B-00C04F79EFBC}") = "Meta.VoiceSDK.Mic.Common", "Meta.VoiceSDK.Mic.Common.csproj", "{193D5DFB-814D-7CA8-BE28-ECCBFA75B795}"
EndProject
Project("{FAE04EC0-301F-11D3-BF4B-00C04F79EFBC}") = "VoiceSDK.Dictation.Editor", "VoiceSDK.Dictation.Editor.csproj", "{6C18683C-9C83-1E62-CD2E-63AA33257998}"
EndProject
Project("{FAE04EC0-301F-11D3-BF4B-00C04F79EFBC}") = "Meta.VoiceSDK.Mic.Other", "Meta.VoiceSDK.Mic.Other.csproj", "{E1E971B3-FDF2-E5C2-BFD6-2A78AE566F0C}"
EndProject
Project("{FAE04EC0-301F-11D3-BF4B-00C04F79EFBC}") = "AssistantCoreSDKEditor", "AssistantCoreSDKEditor.csproj", "{FB345F95-61B3-E3DD-DE7E-6CA81EFF32FB}"
EndProject
Project("{FAE04EC0-301F-11D3-BF4B-00C04F79EFBC}") = "Oculus.Interaction.InterfaceSupport", "Oculus.Interaction.InterfaceSupport.csproj", "{91456181-6ABD-5D11-9483-64C7704A55D4}"
EndProject
Project("{FAE04EC0-301F-11D3-BF4B-00C04F79EFBC}") = "Meta.Voice.Samples.LiveUnderstanding", "Meta.Voice.Samples.LiveUnderstanding.csproj", "{3BE79FAF-46A5-645B-999E-1D9EDC1C1A1E}"
EndProject
Project("{FAE04EC0-301F-11D3-BF4B-00C04F79EFBC}") = "Facebook.Wit.Dictation.Editor", "Facebook.Wit.Dictation.Editor.csproj", "{AEC70E5D-DD8E-EEA4-2379-459B70B98769}"
EndProject
Project("{FAE04EC0-301F-11D3-BF4B-00C04F79EFBC}") = "Meta.VoiceSDK.Mic.WebGL", "Meta.VoiceSDK.Mic.WebGL.csproj", "{4FDB1A15-604E-27D1-268F-03AA3B944C03}"
EndProject
Global
	GlobalSection(SolutionConfigurationPlatforms) = preSolution
		Debug|Any CPU = Debug|Any CPU
		Release|Any CPU = Release|Any CPU
	EndGlobalSection
	GlobalSection(ProjectConfigurationPlatforms) = postSolution
		{F34799BC-75C6-C3D2-B5B0-44F4118377A1}.Debug|Any CPU.ActiveCfg = Debug|Any CPU
		{F34799BC-75C6-C3D2-B5B0-44F4118377A1}.Debug|Any CPU.Build.0 = Debug|Any CPU
		{F34799BC-75C6-C3D2-B5B0-44F4118377A1}.Release|Any CPU.ActiveCfg = Release|Any CPU
		{F34799BC-75C6-C3D2-B5B0-44F4118377A1}.Release|Any CPU.Build.0 = Release|Any CPU
		{B7A5B103-14C4-13B2-ABE4-677041302C61}.Debug|Any CPU.ActiveCfg = Debug|Any CPU
		{B7A5B103-14C4-13B2-ABE4-677041302C61}.Debug|Any CPU.Build.0 = Debug|Any CPU
		{B7A5B103-14C4-13B2-ABE4-677041302C61}.Release|Any CPU.ActiveCfg = Release|Any CPU
		{B7A5B103-14C4-13B2-ABE4-677041302C61}.Release|Any CPU.Build.0 = Release|Any CPU
		{726945EE-CEF8-146D-DD69-9F880F4C2522}.Debug|Any CPU.ActiveCfg = Debug|Any CPU
		{726945EE-CEF8-146D-DD69-9F880F4C2522}.Debug|Any CPU.Build.0 = Debug|Any CPU
		{726945EE-CEF8-146D-DD69-9F880F4C2522}.Release|Any CPU.ActiveCfg = Release|Any CPU
		{726945EE-CEF8-146D-DD69-9F880F4C2522}.Release|Any CPU.Build.0 = Release|Any CPU
		{94E2F1AE-8DE6-D4AE-FBB9-C034C8848553}.Debug|Any CPU.ActiveCfg = Debug|Any CPU
		{94E2F1AE-8DE6-D4AE-FBB9-C034C8848553}.Debug|Any CPU.Build.0 = Debug|Any CPU
		{94E2F1AE-8DE6-D4AE-FBB9-C034C8848553}.Release|Any CPU.ActiveCfg = Release|Any CPU
		{94E2F1AE-8DE6-D4AE-FBB9-C034C8848553}.Release|Any CPU.Build.0 = Release|Any CPU
		{D55F3F30-D087-C3A8-52F3-2CC90A6B9B16}.Debug|Any CPU.ActiveCfg = Debug|Any CPU
		{D55F3F30-D087-C3A8-52F3-2CC90A6B9B16}.Debug|Any CPU.Build.0 = Debug|Any CPU
		{D55F3F30-D087-C3A8-52F3-2CC90A6B9B16}.Release|Any CPU.ActiveCfg = Release|Any CPU
		{D55F3F30-D087-C3A8-52F3-2CC90A6B9B16}.Release|Any CPU.Build.0 = Release|Any CPU
		{DC828D6D-E1A5-0B73-2A98-3A3428A82C8D}.Debug|Any CPU.ActiveCfg = Debug|Any CPU
		{DC828D6D-E1A5-0B73-2A98-3A3428A82C8D}.Debug|Any CPU.Build.0 = Debug|Any CPU
		{DC828D6D-E1A5-0B73-2A98-3A3428A82C8D}.Release|Any CPU.ActiveCfg = Release|Any CPU
		{DC828D6D-E1A5-0B73-2A98-3A3428A82C8D}.Release|Any CPU.Build.0 = Release|Any CPU
		{8F978E36-4560-5806-79A3-71907AC68156}.Debug|Any CPU.ActiveCfg = Debug|Any CPU
		{8F978E36-4560-5806-79A3-71907AC68156}.Debug|Any CPU.Build.0 = Debug|Any CPU
		{8F978E36-4560-5806-79A3-71907AC68156}.Release|Any CPU.ActiveCfg = Release|Any CPU
		{8F978E36-4560-5806-79A3-71907AC68156}.Release|Any CPU.Build.0 = Release|Any CPU
		{0FD2080D-26BD-816A-6E88-BD27D58BA594}.Debug|Any CPU.ActiveCfg = Debug|Any CPU
		{0FD2080D-26BD-816A-6E88-BD27D58BA594}.Debug|Any CPU.Build.0 = Debug|Any CPU
		{0FD2080D-26BD-816A-6E88-BD27D58BA594}.Release|Any CPU.ActiveCfg = Release|Any CPU
		{0FD2080D-26BD-816A-6E88-BD27D58BA594}.Release|Any CPU.Build.0 = Release|Any CPU
		{AD6D97C9-D792-415F-F563-1FA909D8B49A}.Debug|Any CPU.ActiveCfg = Debug|Any CPU
		{AD6D97C9-D792-415F-F563-1FA909D8B49A}.Debug|Any CPU.Build.0 = Debug|Any CPU
		{AD6D97C9-D792-415F-F563-1FA909D8B49A}.Release|Any CPU.ActiveCfg = Release|Any CPU
		{AD6D97C9-D792-415F-F563-1FA909D8B49A}.Release|Any CPU.Build.0 = Release|Any CPU
		{A59C9BAD-D373-0730-30E0-E5F0302D3BE0}.Debug|Any CPU.ActiveCfg = Debug|Any CPU
		{A59C9BAD-D373-0730-30E0-E5F0302D3BE0}.Debug|Any CPU.Build.0 = Debug|Any CPU
		{A59C9BAD-D373-0730-30E0-E5F0302D3BE0}.Release|Any CPU.ActiveCfg = Release|Any CPU
		{A59C9BAD-D373-0730-30E0-E5F0302D3BE0}.Release|Any CPU.Build.0 = Release|Any CPU
		{F91D75B5-F6A4-4750-4BA3-5C52AE7A3480}.Debug|Any CPU.ActiveCfg = Debug|Any CPU
		{F91D75B5-F6A4-4750-4BA3-5C52AE7A3480}.Debug|Any CPU.Build.0 = Debug|Any CPU
		{F91D75B5-F6A4-4750-4BA3-5C52AE7A3480}.Release|Any CPU.ActiveCfg = Release|Any CPU
		{F91D75B5-F6A4-4750-4BA3-5C52AE7A3480}.Release|Any CPU.Build.0 = Release|Any CPU
		{5F549D8B-D062-1279-44FF-21891BDAB9A1}.Debug|Any CPU.ActiveCfg = Debug|Any CPU
		{5F549D8B-D062-1279-44FF-21891BDAB9A1}.Debug|Any CPU.Build.0 = Debug|Any CPU
		{5F549D8B-D062-1279-44FF-21891BDAB9A1}.Release|Any CPU.ActiveCfg = Release|Any CPU
		{5F549D8B-D062-1279-44FF-21891BDAB9A1}.Release|Any CPU.Build.0 = Release|Any CPU
		{63C8F8E8-443A-07FE-45D0-20C1F4135755}.Debug|Any CPU.ActiveCfg = Debug|Any CPU
		{63C8F8E8-443A-07FE-45D0-20C1F4135755}.Debug|Any CPU.Build.0 = Debug|Any CPU
		{63C8F8E8-443A-07FE-45D0-20C1F4135755}.Release|Any CPU.ActiveCfg = Release|Any CPU
		{63C8F8E8-443A-07FE-45D0-20C1F4135755}.Release|Any CPU.Build.0 = Release|Any CPU
		{6788D0C9-E1C2-B392-7E60-00AA825BFDE4}.Debug|Any CPU.ActiveCfg = Debug|Any CPU
		{6788D0C9-E1C2-B392-7E60-00AA825BFDE4}.Debug|Any CPU.Build.0 = Debug|Any CPU
		{6788D0C9-E1C2-B392-7E60-00AA825BFDE4}.Release|Any CPU.ActiveCfg = Release|Any CPU
		{6788D0C9-E1C2-B392-7E60-00AA825BFDE4}.Release|Any CPU.Build.0 = Release|Any CPU
		{C8A9F8C7-89F9-4780-CB4D-F001C40833A8}.Debug|Any CPU.ActiveCfg = Debug|Any CPU
		{C8A9F8C7-89F9-4780-CB4D-F001C40833A8}.Debug|Any CPU.Build.0 = Debug|Any CPU
		{C8A9F8C7-89F9-4780-CB4D-F001C40833A8}.Release|Any CPU.ActiveCfg = Release|Any CPU
		{C8A9F8C7-89F9-4780-CB4D-F001C40833A8}.Release|Any CPU.Build.0 = Release|Any CPU
		{0F56A480-9636-C356-8FDB-60ECC0FBC59B}.Debug|Any CPU.ActiveCfg = Debug|Any CPU
		{0F56A480-9636-C356-8FDB-60ECC0FBC59B}.Debug|Any CPU.Build.0 = Debug|Any CPU
		{0F56A480-9636-C356-8FDB-60ECC0FBC59B}.Release|Any CPU.ActiveCfg = Release|Any CPU
		{0F56A480-9636-C356-8FDB-60ECC0FBC59B}.Release|Any CPU.Build.0 = Release|Any CPU
		{6CFC4D35-A3EA-E70B-E801-9810718E2C86}.Debug|Any CPU.ActiveCfg = Debug|Any CPU
		{6CFC4D35-A3EA-E70B-E801-9810718E2C86}.Debug|Any CPU.Build.0 = Debug|Any CPU
		{6CFC4D35-A3EA-E70B-E801-9810718E2C86}.Release|Any CPU.ActiveCfg = Release|Any CPU
		{6CFC4D35-A3EA-E70B-E801-9810718E2C86}.Release|Any CPU.Build.0 = Release|Any CPU
		{06FC6358-94AB-79D6-FEC7-9453D82270A3}.Debug|Any CPU.ActiveCfg = Debug|Any CPU
		{06FC6358-94AB-79D6-FEC7-9453D82270A3}.Debug|Any CPU.Build.0 = Debug|Any CPU
		{06FC6358-94AB-79D6-FEC7-9453D82270A3}.Release|Any CPU.ActiveCfg = Release|Any CPU
		{06FC6358-94AB-79D6-FEC7-9453D82270A3}.Release|Any CPU.Build.0 = Release|Any CPU
		{60B47162-CA2E-FA8D-B3AE-C95B0A8D2559}.Debug|Any CPU.ActiveCfg = Debug|Any CPU
		{60B47162-CA2E-FA8D-B3AE-C95B0A8D2559}.Debug|Any CPU.Build.0 = Debug|Any CPU
		{60B47162-CA2E-FA8D-B3AE-C95B0A8D2559}.Release|Any CPU.ActiveCfg = Release|Any CPU
		{60B47162-CA2E-FA8D-B3AE-C95B0A8D2559}.Release|Any CPU.Build.0 = Release|Any CPU
		{887FF649-E2BA-2D48-BB93-6E4BD935A11F}.Debug|Any CPU.ActiveCfg = Debug|Any CPU
		{887FF649-E2BA-2D48-BB93-6E4BD935A11F}.Debug|Any CPU.Build.0 = Debug|Any CPU
		{887FF649-E2BA-2D48-BB93-6E4BD935A11F}.Release|Any CPU.ActiveCfg = Release|Any CPU
		{887FF649-E2BA-2D48-BB93-6E4BD935A11F}.Release|Any CPU.Build.0 = Release|Any CPU
		{C13D46CA-3226-0CB9-9421-DDEF827D1512}.Debug|Any CPU.ActiveCfg = Debug|Any CPU
		{C13D46CA-3226-0CB9-9421-DDEF827D1512}.Debug|Any CPU.Build.0 = Debug|Any CPU
		{C13D46CA-3226-0CB9-9421-DDEF827D1512}.Release|Any CPU.ActiveCfg = Release|Any CPU
		{C13D46CA-3226-0CB9-9421-DDEF827D1512}.Release|Any CPU.Build.0 = Release|Any CPU
		{F700743D-C745-E82E-5EA0-F6AF188CED1D}.Debug|Any CPU.ActiveCfg = Debug|Any CPU
		{F700743D-C745-E82E-5EA0-F6AF188CED1D}.Debug|Any CPU.Build.0 = Debug|Any CPU
		{F700743D-C745-E82E-5EA0-F6AF188CED1D}.Release|Any CPU.ActiveCfg = Release|Any CPU
		{F700743D-C745-E82E-5EA0-F6AF188CED1D}.Release|Any CPU.Build.0 = Release|Any CPU
		{8EB3CFF6-8E66-E25E-0681-90D3E39FE1F3}.Debug|Any CPU.ActiveCfg = Debug|Any CPU
		{8EB3CFF6-8E66-E25E-0681-90D3E39FE1F3}.Debug|Any CPU.Build.0 = Debug|Any CPU
		{8EB3CFF6-8E66-E25E-0681-90D3E39FE1F3}.Release|Any CPU.ActiveCfg = Release|Any CPU
		{8EB3CFF6-8E66-E25E-0681-90D3E39FE1F3}.Release|Any CPU.Build.0 = Release|Any CPU
		{13FDED75-1008-8F6C-94D8-980B3A95592C}.Debug|Any CPU.ActiveCfg = Debug|Any CPU
		{13FDED75-1008-8F6C-94D8-980B3A95592C}.Debug|Any CPU.Build.0 = Debug|Any CPU
		{13FDED75-1008-8F6C-94D8-980B3A95592C}.Release|Any CPU.ActiveCfg = Release|Any CPU
		{13FDED75-1008-8F6C-94D8-980B3A95592C}.Release|Any CPU.Build.0 = Release|Any CPU
		{F5B8DD64-2929-A883-5A5D-A65C56CEF59D}.Debug|Any CPU.ActiveCfg = Debug|Any CPU
		{F5B8DD64-2929-A883-5A5D-A65C56CEF59D}.Debug|Any CPU.Build.0 = Debug|Any CPU
		{F5B8DD64-2929-A883-5A5D-A65C56CEF59D}.Release|Any CPU.ActiveCfg = Release|Any CPU
		{F5B8DD64-2929-A883-5A5D-A65C56CEF59D}.Release|Any CPU.Build.0 = Release|Any CPU
		{46168DE8-445A-D55E-F87A-254EFC33A75A}.Debug|Any CPU.ActiveCfg = Debug|Any CPU
		{46168DE8-445A-D55E-F87A-254EFC33A75A}.Debug|Any CPU.Build.0 = Debug|Any CPU
		{46168DE8-445A-D55E-F87A-254EFC33A75A}.Release|Any CPU.ActiveCfg = Release|Any CPU
		{46168DE8-445A-D55E-F87A-254EFC33A75A}.Release|Any CPU.Build.0 = Release|Any CPU
		{DF0C10E1-A417-5C7A-1E15-726FCDD52D5D}.Debug|Any CPU.ActiveCfg = Debug|Any CPU
		{DF0C10E1-A417-5C7A-1E15-726FCDD52D5D}.Debug|Any CPU.Build.0 = Debug|Any CPU
		{DF0C10E1-A417-5C7A-1E15-726FCDD52D5D}.Release|Any CPU.ActiveCfg = Release|Any CPU
		{DF0C10E1-A417-5C7A-1E15-726FCDD52D5D}.Release|Any CPU.Build.0 = Release|Any CPU
		{B944C777-BB46-68E7-8813-5B3D88FCCBC5}.Debug|Any CPU.ActiveCfg = Debug|Any CPU
		{B944C777-BB46-68E7-8813-5B3D88FCCBC5}.Debug|Any CPU.Build.0 = Debug|Any CPU
		{B944C777-BB46-68E7-8813-5B3D88FCCBC5}.Release|Any CPU.ActiveCfg = Release|Any CPU
		{B944C777-BB46-68E7-8813-5B3D88FCCBC5}.Release|Any CPU.Build.0 = Release|Any CPU
		{3FB40369-8E3F-5B9F-8D21-4C5821BC2585}.Debug|Any CPU.ActiveCfg = Debug|Any CPU
		{3FB40369-8E3F-5B9F-8D21-4C5821BC2585}.Debug|Any CPU.Build.0 = Debug|Any CPU
		{3FB40369-8E3F-5B9F-8D21-4C5821BC2585}.Release|Any CPU.ActiveCfg = Release|Any CPU
		{3FB40369-8E3F-5B9F-8D21-4C5821BC2585}.Release|Any CPU.Build.0 = Release|Any CPU
		{27E349C7-0520-0451-60B1-9084CBE1D661}.Debug|Any CPU.ActiveCfg = Debug|Any CPU
		{27E349C7-0520-0451-60B1-9084CBE1D661}.Debug|Any CPU.Build.0 = Debug|Any CPU
		{27E349C7-0520-0451-60B1-9084CBE1D661}.Release|Any CPU.ActiveCfg = Release|Any CPU
		{27E349C7-0520-0451-60B1-9084CBE1D661}.Release|Any CPU.Build.0 = Release|Any CPU
		{6565FFC6-17A7-FBAC-9B04-5FF3584CA5F1}.Debug|Any CPU.ActiveCfg = Debug|Any CPU
		{6565FFC6-17A7-FBAC-9B04-5FF3584CA5F1}.Debug|Any CPU.Build.0 = Debug|Any CPU
		{6565FFC6-17A7-FBAC-9B04-5FF3584CA5F1}.Release|Any CPU.ActiveCfg = Release|Any CPU
		{6565FFC6-17A7-FBAC-9B04-5FF3584CA5F1}.Release|Any CPU.Build.0 = Release|Any CPU
		{ECC1E612-6C40-4C12-718A-738C59100840}.Debug|Any CPU.ActiveCfg = Debug|Any CPU
		{ECC1E612-6C40-4C12-718A-738C59100840}.Debug|Any CPU.Build.0 = Debug|Any CPU
		{ECC1E612-6C40-4C12-718A-738C59100840}.Release|Any CPU.ActiveCfg = Release|Any CPU
		{ECC1E612-6C40-4C12-718A-738C59100840}.Release|Any CPU.Build.0 = Release|Any CPU
		{F10C2B55-647E-749C-4680-29B3A37E02E7}.Debug|Any CPU.ActiveCfg = Debug|Any CPU
		{F10C2B55-647E-749C-4680-29B3A37E02E7}.Debug|Any CPU.Build.0 = Debug|Any CPU
		{F10C2B55-647E-749C-4680-29B3A37E02E7}.Release|Any CPU.ActiveCfg = Release|Any CPU
		{F10C2B55-647E-749C-4680-29B3A37E02E7}.Release|Any CPU.Build.0 = Release|Any CPU
		{11AE129E-D7D1-16B8-574D-90D9B6321E2E}.Debug|Any CPU.ActiveCfg = Debug|Any CPU
		{11AE129E-D7D1-16B8-574D-90D9B6321E2E}.Debug|Any CPU.Build.0 = Debug|Any CPU
		{11AE129E-D7D1-16B8-574D-90D9B6321E2E}.Release|Any CPU.ActiveCfg = Release|Any CPU
		{11AE129E-D7D1-16B8-574D-90D9B6321E2E}.Release|Any CPU.Build.0 = Release|Any CPU
		{052DA05C-BB0B-17D0-318A-7979C5F413F9}.Debug|Any CPU.ActiveCfg = Debug|Any CPU
		{052DA05C-BB0B-17D0-318A-7979C5F413F9}.Debug|Any CPU.Build.0 = Debug|Any CPU
		{052DA05C-BB0B-17D0-318A-7979C5F413F9}.Release|Any CPU.ActiveCfg = Release|Any CPU
		{052DA05C-BB0B-17D0-318A-7979C5F413F9}.Release|Any CPU.Build.0 = Release|Any CPU
		{6225256C-44A8-9D2F-9ABC-BAF77D647133}.Debug|Any CPU.ActiveCfg = Debug|Any CPU
		{6225256C-44A8-9D2F-9ABC-BAF77D647133}.Debug|Any CPU.Build.0 = Debug|Any CPU
		{6225256C-44A8-9D2F-9ABC-BAF77D647133}.Release|Any CPU.ActiveCfg = Release|Any CPU
		{6225256C-44A8-9D2F-9ABC-BAF77D647133}.Release|Any CPU.Build.0 = Release|Any CPU
		{23846F79-7200-3C19-1AF2-D19FE1B514E4}.Debug|Any CPU.ActiveCfg = Debug|Any CPU
		{23846F79-7200-3C19-1AF2-D19FE1B514E4}.Debug|Any CPU.Build.0 = Debug|Any CPU
		{23846F79-7200-3C19-1AF2-D19FE1B514E4}.Release|Any CPU.ActiveCfg = Release|Any CPU
		{23846F79-7200-3C19-1AF2-D19FE1B514E4}.Release|Any CPU.Build.0 = Release|Any CPU
		{4B16351D-53DF-B052-456A-18EB37BC1294}.Debug|Any CPU.ActiveCfg = Debug|Any CPU
		{4B16351D-53DF-B052-456A-18EB37BC1294}.Debug|Any CPU.Build.0 = Debug|Any CPU
		{4B16351D-53DF-B052-456A-18EB37BC1294}.Release|Any CPU.ActiveCfg = Release|Any CPU
		{4B16351D-53DF-B052-456A-18EB37BC1294}.Release|Any CPU.Build.0 = Release|Any CPU
		{A4215735-54B6-A84D-7382-B61D1D8EC011}.Debug|Any CPU.ActiveCfg = Debug|Any CPU
		{A4215735-54B6-A84D-7382-B61D1D8EC011}.Debug|Any CPU.Build.0 = Debug|Any CPU
		{A4215735-54B6-A84D-7382-B61D1D8EC011}.Release|Any CPU.ActiveCfg = Release|Any CPU
		{A4215735-54B6-A84D-7382-B61D1D8EC011}.Release|Any CPU.Build.0 = Release|Any CPU
		{87690D8E-0013-0F05-274D-8AE12429A8A5}.Debug|Any CPU.ActiveCfg = Debug|Any CPU
		{87690D8E-0013-0F05-274D-8AE12429A8A5}.Debug|Any CPU.Build.0 = Debug|Any CPU
		{87690D8E-0013-0F05-274D-8AE12429A8A5}.Release|Any CPU.ActiveCfg = Release|Any CPU
		{87690D8E-0013-0F05-274D-8AE12429A8A5}.Release|Any CPU.Build.0 = Release|Any CPU
		{73D5ACEB-3763-2018-088F-B18A16403C0A}.Debug|Any CPU.ActiveCfg = Debug|Any CPU
		{73D5ACEB-3763-2018-088F-B18A16403C0A}.Debug|Any CPU.Build.0 = Debug|Any CPU
		{73D5ACEB-3763-2018-088F-B18A16403C0A}.Release|Any CPU.ActiveCfg = Release|Any CPU
		{73D5ACEB-3763-2018-088F-B18A16403C0A}.Release|Any CPU.Build.0 = Release|Any CPU
		{6E6522BB-22AD-2D34-51AD-9636E88B51BA}.Debug|Any CPU.ActiveCfg = Debug|Any CPU
		{6E6522BB-22AD-2D34-51AD-9636E88B51BA}.Debug|Any CPU.Build.0 = Debug|Any CPU
		{6E6522BB-22AD-2D34-51AD-9636E88B51BA}.Release|Any CPU.ActiveCfg = Release|Any CPU
		{6E6522BB-22AD-2D34-51AD-9636E88B51BA}.Release|Any CPU.Build.0 = Release|Any CPU
		{5CC26679-457E-6DE5-2CC9-52F6B05CEEE5}.Debug|Any CPU.ActiveCfg = Debug|Any CPU
		{5CC26679-457E-6DE5-2CC9-52F6B05CEEE5}.Debug|Any CPU.Build.0 = Debug|Any CPU
		{5CC26679-457E-6DE5-2CC9-52F6B05CEEE5}.Release|Any CPU.ActiveCfg = Release|Any CPU
		{5CC26679-457E-6DE5-2CC9-52F6B05CEEE5}.Release|Any CPU.Build.0 = Release|Any CPU
		{C5B3DD34-7ED6-C17B-367E-1F222C42A669}.Debug|Any CPU.ActiveCfg = Debug|Any CPU
		{C5B3DD34-7ED6-C17B-367E-1F222C42A669}.Debug|Any CPU.Build.0 = Debug|Any CPU
		{C5B3DD34-7ED6-C17B-367E-1F222C42A669}.Release|Any CPU.ActiveCfg = Release|Any CPU
		{C5B3DD34-7ED6-C17B-367E-1F222C42A669}.Release|Any CPU.Build.0 = Release|Any CPU
		{E732C86B-FB89-2DBF-1798-4E18C669688C}.Debug|Any CPU.ActiveCfg = Debug|Any CPU
		{E732C86B-FB89-2DBF-1798-4E18C669688C}.Debug|Any CPU.Build.0 = Debug|Any CPU
		{E732C86B-FB89-2DBF-1798-4E18C669688C}.Release|Any CPU.ActiveCfg = Release|Any CPU
		{E732C86B-FB89-2DBF-1798-4E18C669688C}.Release|Any CPU.Build.0 = Release|Any CPU
		{C58BCE15-2A65-F324-34A6-7E32EC49522A}.Debug|Any CPU.ActiveCfg = Debug|Any CPU
		{C58BCE15-2A65-F324-34A6-7E32EC49522A}.Debug|Any CPU.Build.0 = Debug|Any CPU
		{C58BCE15-2A65-F324-34A6-7E32EC49522A}.Release|Any CPU.ActiveCfg = Release|Any CPU
		{C58BCE15-2A65-F324-34A6-7E32EC49522A}.Release|Any CPU.Build.0 = Release|Any CPU
		{193D5DFB-814D-7CA8-BE28-ECCBFA75B795}.Debug|Any CPU.ActiveCfg = Debug|Any CPU
		{193D5DFB-814D-7CA8-BE28-ECCBFA75B795}.Debug|Any CPU.Build.0 = Debug|Any CPU
		{193D5DFB-814D-7CA8-BE28-ECCBFA75B795}.Release|Any CPU.ActiveCfg = Release|Any CPU
		{193D5DFB-814D-7CA8-BE28-ECCBFA75B795}.Release|Any CPU.Build.0 = Release|Any CPU
		{6C18683C-9C83-1E62-CD2E-63AA33257998}.Debug|Any CPU.ActiveCfg = Debug|Any CPU
		{6C18683C-9C83-1E62-CD2E-63AA33257998}.Debug|Any CPU.Build.0 = Debug|Any CPU
		{6C18683C-9C83-1E62-CD2E-63AA33257998}.Release|Any CPU.ActiveCfg = Release|Any CPU
		{6C18683C-9C83-1E62-CD2E-63AA33257998}.Release|Any CPU.Build.0 = Release|Any CPU
		{E1E971B3-FDF2-E5C2-BFD6-2A78AE566F0C}.Debug|Any CPU.ActiveCfg = Debug|Any CPU
		{E1E971B3-FDF2-E5C2-BFD6-2A78AE566F0C}.Debug|Any CPU.Build.0 = Debug|Any CPU
		{E1E971B3-FDF2-E5C2-BFD6-2A78AE566F0C}.Release|Any CPU.ActiveCfg = Release|Any CPU
		{E1E971B3-FDF2-E5C2-BFD6-2A78AE566F0C}.Release|Any CPU.Build.0 = Release|Any CPU
		{FB345F95-61B3-E3DD-DE7E-6CA81EFF32FB}.Debug|Any CPU.ActiveCfg = Debug|Any CPU
		{FB345F95-61B3-E3DD-DE7E-6CA81EFF32FB}.Debug|Any CPU.Build.0 = Debug|Any CPU
		{FB345F95-61B3-E3DD-DE7E-6CA81EFF32FB}.Release|Any CPU.ActiveCfg = Release|Any CPU
		{FB345F95-61B3-E3DD-DE7E-6CA81EFF32FB}.Release|Any CPU.Build.0 = Release|Any CPU
		{91456181-6ABD-5D11-9483-64C7704A55D4}.Debug|Any CPU.ActiveCfg = Debug|Any CPU
		{91456181-6ABD-5D11-9483-64C7704A55D4}.Debug|Any CPU.Build.0 = Debug|Any CPU
		{91456181-6ABD-5D11-9483-64C7704A55D4}.Release|Any CPU.ActiveCfg = Release|Any CPU
		{91456181-6ABD-5D11-9483-64C7704A55D4}.Release|Any CPU.Build.0 = Release|Any CPU
		{3BE79FAF-46A5-645B-999E-1D9EDC1C1A1E}.Debug|Any CPU.ActiveCfg = Debug|Any CPU
		{3BE79FAF-46A5-645B-999E-1D9EDC1C1A1E}.Debug|Any CPU.Build.0 = Debug|Any CPU
		{3BE79FAF-46A5-645B-999E-1D9EDC1C1A1E}.Release|Any CPU.ActiveCfg = Release|Any CPU
		{3BE79FAF-46A5-645B-999E-1D9EDC1C1A1E}.Release|Any CPU.Build.0 = Release|Any CPU
		{AEC70E5D-DD8E-EEA4-2379-459B70B98769}.Debug|Any CPU.ActiveCfg = Debug|Any CPU
		{AEC70E5D-DD8E-EEA4-2379-459B70B98769}.Debug|Any CPU.Build.0 = Debug|Any CPU
		{AEC70E5D-DD8E-EEA4-2379-459B70B98769}.Release|Any CPU.ActiveCfg = Release|Any CPU
		{AEC70E5D-DD8E-EEA4-2379-459B70B98769}.Release|Any CPU.Build.0 = Release|Any CPU
		{4FDB1A15-604E-27D1-268F-03AA3B944C03}.Debug|Any CPU.ActiveCfg = Debug|Any CPU
		{4FDB1A15-604E-27D1-268F-03AA3B944C03}.Debug|Any CPU.Build.0 = Debug|Any CPU
		{4FDB1A15-604E-27D1-268F-03AA3B944C03}.Release|Any CPU.ActiveCfg = Release|Any CPU
		{4FDB1A15-604E-27D1-268F-03AA3B944C03}.Release|Any CPU.Build.0 = Release|Any CPU
	EndGlobalSection
	GlobalSection(SolutionProperties) = preSolution
		HideSolutionNode = FALSE
	EndGlobalSection
EndGlobal
